
Microsoft Visual Studio Solution File, Format Version 12.00
# Visual Studio Version 16
VisualStudioVersion = 16.0.33027.164
MinimumVisualStudioVersion = 10.0.40219.1
Project("{FAE04EC0-301F-11D3-BF4B-00C04F79EFBC}") = "Four_cameras", "Four_cameras\Four_cameras.csproj", "{58392263-45BD-45FD-857F-B993DF57348E}"
EndProject
Global
	GlobalSection(SolutionConfigurationPlatforms) = preSolution
		Debug|Any CPU = Debug|Any CPU
		Debug|x64 = Debug|x64
		Release|Any CPU = Release|Any CPU
		Release|x64 = Release|x64
	EndGlobalSection
	GlobalSection(ProjectConfigurationPlatforms) = postSolution
		{58392263-45BD-45FD-857F-B993DF57348E}.Debug|Any CPU.ActiveCfg = Debug|Any CPU
		{58392263-45BD-45FD-857F-B993DF57348E}.Debug|Any CPU.Build.0 = Debug|Any CPU
		{58392263-45BD-45FD-857F-B993DF57348E}.Debug|x64.ActiveCfg = Debug|x64
		{58392263-45BD-45FD-857F-B993DF57348E}.Debug|x64.Build.0 = Debug|x64
		{58392263-45BD-45FD-857F-B993DF57348E}.Release|Any CPU.ActiveCfg = Release|x64
		{58392263-45BD-45FD-857F-B993DF57348E}.Release|Any CPU.Build.0 = Release|x64
		{58392263-45BD-45FD-857F-B993DF57348E}.Release|x64.ActiveCfg = Release|x64
		{58392263-45BD-45FD-857F-B993DF57348E}.Release|x64.Build.0 = Release|x64
	EndGlobalSection
	GlobalSection(SolutionProperties) = preSolution
		HideSolutionNode = FALSE
	EndGlobalSection
	GlobalSection(ExtensibilityGlobals) = postSolution
		SolutionGuid = {D53D4A89-4797-46F0-AEC8-76CDC8BAB26A}
	EndGlobalSection
EndGlobal
